
Microsoft Visual Studio Solution File, Format Version 12.00
# Visual Studio 15
VisualStudioVersion = 15.0.28307.271
MinimumVisualStudioVersion = 10.0.40219.1
Project("{9A19103F-16F7-4668-BE54-9A1E7A4F7556}") = "ConsoleApp1", "ConsoleApp1\ConsoleApp1.csproj", "{CA009B40-9659-4F52-841A-FC9E5AB386EE}"
EndProject
Project("{FAE04EC0-301F-11D3-BF4B-00C04F79EFBC}") = "ConsoleApp1.tests", "ConsoleApp1.tests\ConsoleApp1.tests.csproj", "{619A1935-FB69-43FC-90FF-34EB71F13E2F}"
EndProject
Global
	GlobalSection(SolutionConfigurationPlatforms) = preSolution
		Debug|Any CPU = Debug|Any CPU
		Release|Any CPU = Release|Any CPU
	EndGlobalSection
	GlobalSection(ProjectConfigurationPlatforms) = postSolution
		{CA009B40-9659-4F52-841A-FC9E5AB386EE}.Debug|Any CPU.ActiveCfg = Debug|Any CPU
		{CA009B40-9659-4F52-841A-FC9E5AB386EE}.Debug|Any CPU.Build.0 = Debug|Any CPU
		{CA009B40-9659-4F52-841A-FC9E5AB386EE}.Release|Any CPU.ActiveCfg = Release|Any CPU
		{CA009B40-9659-4F52-841A-FC9E5AB386EE}.Release|Any CPU.Build.0 = Release|Any CPU
		{619A1935-FB69-43FC-90FF-34EB71F13E2F}.Debug|Any CPU.ActiveCfg = Debug|Any CPU
		{619A1935-FB69-43FC-90FF-34EB71F13E2F}.Debug|Any CPU.Build.0 = Debug|Any CPU
		{619A1935-FB69-43FC-90FF-34EB71F13E2F}.Release|Any CPU.ActiveCfg = Release|Any CPU
		{619A1935-FB69-43FC-90FF-34EB71F13E2F}.Release|Any CPU.Build.0 = Release|Any CPU
	EndGlobalSection
	GlobalSection(SolutionProperties) = preSolution
		HideSolutionNode = FALSE
	EndGlobalSection
	GlobalSection(ExtensibilityGlobals) = postSolution
		SolutionGuid = {22272872-52F1-4D08-81AE-5D2F339BF848}
	EndGlobalSection
EndGlobal
